
Microsoft Visual Studio Solution File, Format Version 12.00
# Visual Studio 15
VisualStudioVersion = 15.0.28307.136
MinimumVisualStudioVersion = 10.0.40219.1
Project("{FAE04EC0-301F-11D3-BF4B-00C04F79EFBC}") = "QBA.Qutilize.ClientApp", "QBA.Qutilize.ClientApp\QBA.Qutilize.ClientApp.csproj", "{A974FA3B-6BEF-468E-B777-F475FFC65CE4}"
EndProject
Project("{FAE04EC0-301F-11D3-BF4B-00C04F79EFBC}") = "QBA.Qutilize.WebApp", "QBA.Qutilize.WebApp\QBA.Qutilize.WebApp.csproj", "{F688B911-60DA-40A1-8C9E-38416243C2AD}"
EndProject
Project("{FAE04EC0-301F-11D3-BF4B-00C04F79EFBC}") = "QBA.Qutilize.WebAPI", "QBA.Qutilize.WebAPI\QBA.Qutilize.WebAPI.csproj", "{A284B0A1-E5F0-42D0-9069-7F10AD83AE7A}"
EndProject
Project("{FAE04EC0-301F-11D3-BF4B-00C04F79EFBC}") = "QBA.Qutilize.Models", "QBA.Qutilize.Models\QBA.Qutilize.Models.csproj", "{C96475A4-FB6C-4300-8B9D-D8E0BC5CD4FC}"
EndProject
Project("{FAE04EC0-301F-11D3-BF4B-00C04F79EFBC}") = "QBA.Qutilize.DataAccess", "QBA.Qutilize.DataAccess\QBA.Qutilize.DataAccess.csproj", "{1A438824-E383-484E-BA6B-F656C084A059}"
EndProject
Project("{54435603-DBB4-11D2-8724-00A0C9A8B90C}") = "QUtilizeSetup", "QUtilizeSetup\QUtilizeSetup.vdproj", "{F93B1908-865C-4F9B-8AA4-9D24705F4E4B}"
EndProject
Global
	GlobalSection(SolutionConfigurationPlatforms) = preSolution
		Debug|Any CPU = Debug|Any CPU
		Release|Any CPU = Release|Any CPU
	EndGlobalSection
	GlobalSection(ProjectConfigurationPlatforms) = postSolution
		{A974FA3B-6BEF-468E-B777-F475FFC65CE4}.Debug|Any CPU.ActiveCfg = Debug|Any CPU
		{A974FA3B-6BEF-468E-B777-F475FFC65CE4}.Debug|Any CPU.Build.0 = Debug|Any CPU
		{A974FA3B-6BEF-468E-B777-F475FFC65CE4}.Release|Any CPU.ActiveCfg = Release|Any CPU
		{A974FA3B-6BEF-468E-B777-F475FFC65CE4}.Release|Any CPU.Build.0 = Release|Any CPU
		{F688B911-60DA-40A1-8C9E-38416243C2AD}.Debug|Any CPU.ActiveCfg = Debug|Any CPU
		{F688B911-60DA-40A1-8C9E-38416243C2AD}.Debug|Any CPU.Build.0 = Debug|Any CPU
		{F688B911-60DA-40A1-8C9E-38416243C2AD}.Release|Any CPU.ActiveCfg = Release|Any CPU
		{F688B911-60DA-40A1-8C9E-38416243C2AD}.Release|Any CPU.Build.0 = Release|Any CPU
		{A284B0A1-E5F0-42D0-9069-7F10AD83AE7A}.Debug|Any CPU.ActiveCfg = Debug|Any CPU
		{A284B0A1-E5F0-42D0-9069-7F10AD83AE7A}.Debug|Any CPU.Build.0 = Debug|Any CPU
		{A284B0A1-E5F0-42D0-9069-7F10AD83AE7A}.Release|Any CPU.ActiveCfg = Release|Any CPU
		{A284B0A1-E5F0-42D0-9069-7F10AD83AE7A}.Release|Any CPU.Build.0 = Release|Any CPU
		{C96475A4-FB6C-4300-8B9D-D8E0BC5CD4FC}.Debug|Any CPU.ActiveCfg = Debug|Any CPU
		{C96475A4-FB6C-4300-8B9D-D8E0BC5CD4FC}.Debug|Any CPU.Build.0 = Debug|Any CPU
		{C96475A4-FB6C-4300-8B9D-D8E0BC5CD4FC}.Release|Any CPU.ActiveCfg = Release|Any CPU
		{C96475A4-FB6C-4300-8B9D-D8E0BC5CD4FC}.Release|Any CPU.Build.0 = Release|Any CPU
		{1A438824-E383-484E-BA6B-F656C084A059}.Debug|Any CPU.ActiveCfg = Debug|Any CPU
		{1A438824-E383-484E-BA6B-F656C084A059}.Debug|Any CPU.Build.0 = Debug|Any CPU
		{1A438824-E383-484E-BA6B-F656C084A059}.Release|Any CPU.ActiveCfg = Release|Any CPU
		{1A438824-E383-484E-BA6B-F656C084A059}.Release|Any CPU.Build.0 = Release|Any CPU
		{F93B1908-865C-4F9B-8AA4-9D24705F4E4B}.Debug|Any CPU.ActiveCfg = Debug
		{F93B1908-865C-4F9B-8AA4-9D24705F4E4B}.Release|Any CPU.ActiveCfg = Release
	EndGlobalSection
	GlobalSection(SolutionProperties) = preSolution
		HideSolutionNode = FALSE
	EndGlobalSection
	GlobalSection(ExtensibilityGlobals) = postSolution
		SolutionGuid = {D9753184-5FEE-41EB-A63D-0FB11006CD2D}
	EndGlobalSection
EndGlobal
